
Microsoft Visual Studio Solution File, Format Version 12.00
# Visual Studio Version 17
VisualStudioVersion = 17.13.35931.197 d17.13
MinimumVisualStudioVersion = 10.0.40219.1
Project("{FAE04EC0-301F-11D3-BF4B-00C04F79EFBC}") = "pecarniya_g", "pecarniya_g.csproj", "{15819C06-C353-457E-B9D6-B5960379090C}"
EndProject
Global
	GlobalSection(SolutionConfigurationPlatforms) = preSolution
		Debug|Any CPU = Debug|Any CPU
		Release|Any CPU = Release|Any CPU
	EndGlobalSection
	GlobalSection(ProjectConfigurationPlatforms) = postSolution
		{15819C06-C353-457E-B9D6-B5960379090C}.Debug|Any CPU.ActiveCfg = Debug|Any CPU
		{15819C06-C353-457E-B9D6-B5960379090C}.Debug|Any CPU.Build.0 = Debug|Any CPU
		{15819C06-C353-457E-B9D6-B5960379090C}.Release|Any CPU.ActiveCfg = Release|Any CPU
		{15819C06-C353-457E-B9D6-B5960379090C}.Release|Any CPU.Build.0 = Release|Any CPU
	EndGlobalSection
	GlobalSection(SolutionProperties) = preSolution
		HideSolutionNode = FALSE
	EndGlobalSection
	GlobalSection(ExtensibilityGlobals) = postSolution
		SolutionGuid = {37A58F95-B852-4CDC-88E8-E174E2514266}
	EndGlobalSection
EndGlobal
